
Microsoft Visual Studio Solution File, Format Version 12.00
# Visual Studio 2012
Project("{FAE04EC0-301F-11D3-BF4B-00C04F79EFBC}") = "KcMvvm.Core", "KcMvvm.Core\KcMvvm.Core.csproj", "{3EA41BB9-5030-40C7-AAEF-3EFC92B1A09A}"
EndProject
Project("{FAE04EC0-301F-11D3-BF4B-00C04F79EFBC}") = "KcMvvm.Droid", "KcMvvm.Droid\KcMvvm.Droid.csproj", "{6D6011BD-8D47-486D-B276-BB1309C6FD97}"
EndProject
Project("{FAE04EC0-301F-11D3-BF4B-00C04F79EFBC}") = "KcMvvm.iOS", "KcMvvm.iOS\KcMvvm.iOS.csproj", "{360419B5-CCD9-4D32-9581-85BEB200B9A4}"
EndProject
Global
	GlobalSection(SolutionConfigurationPlatforms) = preSolution
		Ad-Hoc|Any CPU = Ad-Hoc|Any CPU
		Ad-Hoc|iPhone = Ad-Hoc|iPhone
		Ad-Hoc|iPhoneSimulator = Ad-Hoc|iPhoneSimulator
		Ad-Hoc|Mixed Platforms = Ad-Hoc|Mixed Platforms
		AppStore|Any CPU = AppStore|Any CPU
		AppStore|iPhone = AppStore|iPhone
		AppStore|iPhoneSimulator = AppStore|iPhoneSimulator
		AppStore|Mixed Platforms = AppStore|Mixed Platforms
		Debug|Any CPU = Debug|Any CPU
		Debug|iPhone = Debug|iPhone
		Debug|iPhoneSimulator = Debug|iPhoneSimulator
		Debug|Mixed Platforms = Debug|Mixed Platforms
		Release|Any CPU = Release|Any CPU
		Release|iPhone = Release|iPhone
		Release|iPhoneSimulator = Release|iPhoneSimulator
		Release|Mixed Platforms = Release|Mixed Platforms
	EndGlobalSection
	GlobalSection(ProjectConfigurationPlatforms) = postSolution
		{3EA41BB9-5030-40C7-AAEF-3EFC92B1A09A}.Ad-Hoc|Any CPU.ActiveCfg = Release|Any CPU
		{3EA41BB9-5030-40C7-AAEF-3EFC92B1A09A}.Ad-Hoc|Any CPU.Build.0 = Release|Any CPU
		{3EA41BB9-5030-40C7-AAEF-3EFC92B1A09A}.Ad-Hoc|iPhone.ActiveCfg = Release|Any CPU
		{3EA41BB9-5030-40C7-AAEF-3EFC92B1A09A}.Ad-Hoc|iPhoneSimulator.ActiveCfg = Release|Any CPU
		{3EA41BB9-5030-40C7-AAEF-3EFC92B1A09A}.Ad-Hoc|Mixed Platforms.ActiveCfg = Release|Any CPU
		{3EA41BB9-5030-40C7-AAEF-3EFC92B1A09A}.Ad-Hoc|Mixed Platforms.Build.0 = Release|Any CPU
		{3EA41BB9-5030-40C7-AAEF-3EFC92B1A09A}.AppStore|Any CPU.ActiveCfg = Release|Any CPU
		{3EA41BB9-5030-40C7-AAEF-3EFC92B1A09A}.AppStore|Any CPU.Build.0 = Release|Any CPU
		{3EA41BB9-5030-40C7-AAEF-3EFC92B1A09A}.AppStore|iPhone.ActiveCfg = Release|Any CPU
		{3EA41BB9-5030-40C7-AAEF-3EFC92B1A09A}.AppStore|iPhoneSimulator.ActiveCfg = Release|Any CPU
		{3EA41BB9-5030-40C7-AAEF-3EFC92B1A09A}.AppStore|Mixed Platforms.ActiveCfg = Release|Any CPU
		{3EA41BB9-5030-40C7-AAEF-3EFC92B1A09A}.AppStore|Mixed Platforms.Build.0 = Release|Any CPU
		{3EA41BB9-5030-40C7-AAEF-3EFC92B1A09A}.Debug|Any CPU.ActiveCfg = Debug|Any CPU
		{3EA41BB9-5030-40C7-AAEF-3EFC92B1A09A}.Debug|Any CPU.Build.0 = Debug|Any CPU
		{3EA41BB9-5030-40C7-AAEF-3EFC92B1A09A}.Debug|iPhone.ActiveCfg = Debug|Any CPU
		{3EA41BB9-5030-40C7-AAEF-3EFC92B1A09A}.Debug|iPhoneSimulator.ActiveCfg = Debug|Any CPU
		{3EA41BB9-5030-40C7-AAEF-3EFC92B1A09A}.Debug|iPhoneSimulator.Build.0 = Debug|Any CPU
		{3EA41BB9-5030-40C7-AAEF-3EFC92B1A09A}.Debug|Mixed Platforms.ActiveCfg = Debug|Any CPU
		{3EA41BB9-5030-40C7-AAEF-3EFC92B1A09A}.Debug|Mixed Platforms.Build.0 = Debug|Any CPU
		{3EA41BB9-5030-40C7-AAEF-3EFC92B1A09A}.Release|Any CPU.ActiveCfg = Release|Any CPU
		{3EA41BB9-5030-40C7-AAEF-3EFC92B1A09A}.Release|Any CPU.Build.0 = Release|Any CPU
		{3EA41BB9-5030-40C7-AAEF-3EFC92B1A09A}.Release|iPhone.ActiveCfg = Release|Any CPU
		{3EA41BB9-5030-40C7-AAEF-3EFC92B1A09A}.Release|iPhoneSimulator.ActiveCfg = Release|Any CPU
		{3EA41BB9-5030-40C7-AAEF-3EFC92B1A09A}.Release|Mixed Platforms.ActiveCfg = Release|Any CPU
		{3EA41BB9-5030-40C7-AAEF-3EFC92B1A09A}.Release|Mixed Platforms.Build.0 = Release|Any CPU
		{6D6011BD-8D47-486D-B276-BB1309C6FD97}.Ad-Hoc|Any CPU.ActiveCfg = Release|Any CPU
		{6D6011BD-8D47-486D-B276-BB1309C6FD97}.Ad-Hoc|Any CPU.Build.0 = Release|Any CPU
		{6D6011BD-8D47-486D-B276-BB1309C6FD97}.Ad-Hoc|Any CPU.Deploy.0 = Release|Any CPU
		{6D6011BD-8D47-486D-B276-BB1309C6FD97}.Ad-Hoc|iPhone.ActiveCfg = Release|Any CPU
		{6D6011BD-8D47-486D-B276-BB1309C6FD97}.Ad-Hoc|iPhoneSimulator.ActiveCfg = Release|Any CPU
		{6D6011BD-8D47-486D-B276-BB1309C6FD97}.Ad-Hoc|Mixed Platforms.ActiveCfg = Release|Any CPU
		{6D6011BD-8D47-486D-B276-BB1309C6FD97}.Ad-Hoc|Mixed Platforms.Build.0 = Release|Any CPU
		{6D6011BD-8D47-486D-B276-BB1309C6FD97}.Ad-Hoc|Mixed Platforms.Deploy.0 = Release|Any CPU
		{6D6011BD-8D47-486D-B276-BB1309C6FD97}.AppStore|Any CPU.ActiveCfg = Release|Any CPU
		{6D6011BD-8D47-486D-B276-BB1309C6FD97}.AppStore|Any CPU.Build.0 = Release|Any CPU
		{6D6011BD-8D47-486D-B276-BB1309C6FD97}.AppStore|Any CPU.Deploy.0 = Release|Any CPU
		{6D6011BD-8D47-486D-B276-BB1309C6FD97}.AppStore|iPhone.ActiveCfg = Release|Any CPU
		{6D6011BD-8D47-486D-B276-BB1309C6FD97}.AppStore|iPhoneSimulator.ActiveCfg = Release|Any CPU
		{6D6011BD-8D47-486D-B276-BB1309C6FD97}.AppStore|Mixed Platforms.ActiveCfg = Release|Any CPU
		{6D6011BD-8D47-486D-B276-BB1309C6FD97}.AppStore|Mixed Platforms.Build.0 = Release|Any CPU
		{6D6011BD-8D47-486D-B276-BB1309C6FD97}.AppStore|Mixed Platforms.Deploy.0 = Release|Any CPU
		{6D6011BD-8D47-486D-B276-BB1309C6FD97}.Debug|Any CPU.ActiveCfg = Debug|Any CPU
		{6D6011BD-8D47-486D-B276-BB1309C6FD97}.Debug|Any CPU.Build.0 = Debug|Any CPU
		{6D6011BD-8D47-486D-B276-BB1309C6FD97}.Debug|Any CPU.Deploy.0 = Debug|Any CPU
		{6D6011BD-8D47-486D-B276-BB1309C6FD97}.Debug|iPhone.ActiveCfg = Debug|Any CPU
		{6D6011BD-8D47-486D-B276-BB1309C6FD97}.Debug|iPhoneSimulator.ActiveCfg = Debug|Any CPU
		{6D6011BD-8D47-486D-B276-BB1309C6FD97}.Debug|iPhoneSimulator.Build.0 = Debug|Any CPU
		{6D6011BD-8D47-486D-B276-BB1309C6FD97}.Debug|Mixed Platforms.ActiveCfg = Debug|Any CPU
		{6D6011BD-8D47-486D-B276-BB1309C6FD97}.Debug|Mixed Platforms.Build.0 = Debug|Any CPU
		{6D6011BD-8D47-486D-B276-BB1309C6FD97}.Debug|Mixed Platforms.Deploy.0 = Debug|Any CPU
		{6D6011BD-8D47-486D-B276-BB1309C6FD97}.Release|Any CPU.ActiveCfg = Release|Any CPU
		{6D6011BD-8D47-486D-B276-BB1309C6FD97}.Release|Any CPU.Build.0 = Release|Any CPU
		{6D6011BD-8D47-486D-B276-BB1309C6FD97}.Release|Any CPU.Deploy.0 = Release|Any CPU
		{6D6011BD-8D47-486D-B276-BB1309C6FD97}.Release|iPhone.ActiveCfg = Release|Any CPU
		{6D6011BD-8D47-486D-B276-BB1309C6FD97}.Release|iPhoneSimulator.ActiveCfg = Release|Any CPU
		{6D6011BD-8D47-486D-B276-BB1309C6FD97}.Release|Mixed Platforms.ActiveCfg = Release|Any CPU
		{6D6011BD-8D47-486D-B276-BB1309C6FD97}.Release|Mixed Platforms.Build.0 = Release|Any CPU
		{6D6011BD-8D47-486D-B276-BB1309C6FD97}.Release|Mixed Platforms.Deploy.0 = Release|Any CPU
		{360419B5-CCD9-4D32-9581-85BEB200B9A4}.Ad-Hoc|Any CPU.ActiveCfg = Ad-Hoc|iPhone
		{360419B5-CCD9-4D32-9581-85BEB200B9A4}.Ad-Hoc|iPhone.ActiveCfg = Ad-Hoc|iPhone
		{360419B5-CCD9-4D32-9581-85BEB200B9A4}.Ad-Hoc|iPhone.Build.0 = Ad-Hoc|iPhone
		{360419B5-CCD9-4D32-9581-85BEB200B9A4}.Ad-Hoc|iPhoneSimulator.ActiveCfg = Ad-Hoc|iPhoneSimulator
		{360419B5-CCD9-4D32-9581-85BEB200B9A4}.Ad-Hoc|iPhoneSimulator.Build.0 = Ad-Hoc|iPhoneSimulator
		{360419B5-CCD9-4D32-9581-85BEB200B9A4}.Ad-Hoc|Mixed Platforms.ActiveCfg = Ad-Hoc|iPhone
		{360419B5-CCD9-4D32-9581-85BEB200B9A4}.Ad-Hoc|Mixed Platforms.Build.0 = Ad-Hoc|iPhone
		{360419B5-CCD9-4D32-9581-85BEB200B9A4}.AppStore|Any CPU.ActiveCfg = AppStore|iPhone
		{360419B5-CCD9-4D32-9581-85BEB200B9A4}.AppStore|iPhone.ActiveCfg = AppStore|iPhone
		{360419B5-CCD9-4D32-9581-85BEB200B9A4}.AppStore|iPhone.Build.0 = AppStore|iPhone
		{360419B5-CCD9-4D32-9581-85BEB200B9A4}.AppStore|iPhoneSimulator.ActiveCfg = AppStore|iPhoneSimulator
		{360419B5-CCD9-4D32-9581-85BEB200B9A4}.AppStore|iPhoneSimulator.Build.0 = AppStore|iPhoneSimulator
		{360419B5-CCD9-4D32-9581-85BEB200B9A4}.AppStore|Mixed Platforms.ActiveCfg = AppStore|iPhone
		{360419B5-CCD9-4D32-9581-85BEB200B9A4}.AppStore|Mixed Platforms.Build.0 = AppStore|iPhone
		{360419B5-CCD9-4D32-9581-85BEB200B9A4}.Debug|Any CPU.ActiveCfg = Debug|iPhoneSimulator
		{360419B5-CCD9-4D32-9581-85BEB200B9A4}.Debug|Any CPU.Build.0 = Debug|iPhoneSimulator
		{360419B5-CCD9-4D32-9581-85BEB200B9A4}.Debug|iPhone.ActiveCfg = Debug|iPhone
		{360419B5-CCD9-4D32-9581-85BEB200B9A4}.Debug|iPhone.Build.0 = Debug|iPhone
		{360419B5-CCD9-4D32-9581-85BEB200B9A4}.Debug|iPhoneSimulator.ActiveCfg = Debug|iPhoneSimulator
		{360419B5-CCD9-4D32-9581-85BEB200B9A4}.Debug|iPhoneSimulator.Build.0 = Debug|iPhoneSimulator
		{360419B5-CCD9-4D32-9581-85BEB200B9A4}.Debug|Mixed Platforms.ActiveCfg = Debug|iPhone
		{360419B5-CCD9-4D32-9581-85BEB200B9A4}.Debug|Mixed Platforms.Build.0 = Debug|iPhone
		{360419B5-CCD9-4D32-9581-85BEB200B9A4}.Release|Any CPU.ActiveCfg = Release|iPhone
		{360419B5-CCD9-4D32-9581-85BEB200B9A4}.Release|iPhone.ActiveCfg = Release|iPhone
		{360419B5-CCD9-4D32-9581-85BEB200B9A4}.Release|iPhone.Build.0 = Release|iPhone
		{360419B5-CCD9-4D32-9581-85BEB200B9A4}.Release|iPhoneSimulator.ActiveCfg = Release|iPhoneSimulator
		{360419B5-CCD9-4D32-9581-85BEB200B9A4}.Release|iPhoneSimulator.Build.0 = Release|iPhoneSimulator
		{360419B5-CCD9-4D32-9581-85BEB200B9A4}.Release|Mixed Platforms.ActiveCfg = Release|iPhone
		{360419B5-CCD9-4D32-9581-85BEB200B9A4}.Release|Mixed Platforms.Build.0 = Release|iPhone
	EndGlobalSection
	GlobalSection(SolutionProperties) = preSolution
		HideSolutionNode = FALSE
	EndGlobalSection
EndGlobal
